
Microsoft Visual Studio Solution File, Format Version 12.00
# Visual Studio Version 16
VisualStudioVersion = 16.0.30621.155
MinimumVisualStudioVersion = 10.0.40219.1
Project("{FAE04EC0-301F-11D3-BF4B-00C04F79EFBC}") = "Semana7SE.Android", "Semana7SE\Semana7SE.Android\Semana7SE.Android.csproj", "{9123BF09-F840-458D-9CAB-718E13A661CA}"
EndProject
Project("{FAE04EC0-301F-11D3-BF4B-00C04F79EFBC}") = "Semana7SE.iOS", "Semana7SE\Semana7SE.iOS\Semana7SE.iOS.csproj", "{773807B0-FAED-441B-B84B-0989BF50DEAA}"
EndProject
Project("{FAE04EC0-301F-11D3-BF4B-00C04F79EFBC}") = "Semana7SE", "Semana7SE\Semana7SE\Semana7SE.csproj", "{D3F6F4DA-6C37-48BB-BA5B-4A8F67CD9F7C}"
EndProject
Global
	GlobalSection(SolutionConfigurationPlatforms) = preSolution
		Debug|Any CPU = Debug|Any CPU
		Debug|iPhone = Debug|iPhone
		Debug|iPhoneSimulator = Debug|iPhoneSimulator
		Release|Any CPU = Release|Any CPU
		Release|iPhone = Release|iPhone
		Release|iPhoneSimulator = Release|iPhoneSimulator
	EndGlobalSection
	GlobalSection(ProjectConfigurationPlatforms) = postSolution
		{9123BF09-F840-458D-9CAB-718E13A661CA}.Debug|Any CPU.ActiveCfg = Debug|Any CPU
		{9123BF09-F840-458D-9CAB-718E13A661CA}.Debug|Any CPU.Build.0 = Debug|Any CPU
		{9123BF09-F840-458D-9CAB-718E13A661CA}.Debug|Any CPU.Deploy.0 = Debug|Any CPU
		{9123BF09-F840-458D-9CAB-718E13A661CA}.Debug|iPhone.ActiveCfg = Debug|Any CPU
		{9123BF09-F840-458D-9CAB-718E13A661CA}.Debug|iPhone.Build.0 = Debug|Any CPU
		{9123BF09-F840-458D-9CAB-718E13A661CA}.Debug|iPhone.Deploy.0 = Debug|Any CPU
		{9123BF09-F840-458D-9CAB-718E13A661CA}.Debug|iPhoneSimulator.ActiveCfg = Debug|Any CPU
		{9123BF09-F840-458D-9CAB-718E13A661CA}.Debug|iPhoneSimulator.Build.0 = Debug|Any CPU
		{9123BF09-F840-458D-9CAB-718E13A661CA}.Debug|iPhoneSimulator.Deploy.0 = Debug|Any CPU
		{9123BF09-F840-458D-9CAB-718E13A661CA}.Release|Any CPU.ActiveCfg = Release|Any CPU
		{9123BF09-F840-458D-9CAB-718E13A661CA}.Release|Any CPU.Build.0 = Release|Any CPU
		{9123BF09-F840-458D-9CAB-718E13A661CA}.Release|Any CPU.Deploy.0 = Release|Any CPU
		{9123BF09-F840-458D-9CAB-718E13A661CA}.Release|iPhone.ActiveCfg = Release|Any CPU
		{9123BF09-F840-458D-9CAB-718E13A661CA}.Release|iPhone.Build.0 = Release|Any CPU
		{9123BF09-F840-458D-9CAB-718E13A661CA}.Release|iPhone.Deploy.0 = Release|Any CPU
		{9123BF09-F840-458D-9CAB-718E13A661CA}.Release|iPhoneSimulator.ActiveCfg = Release|Any CPU
		{9123BF09-F840-458D-9CAB-718E13A661CA}.Release|iPhoneSimulator.Build.0 = Release|Any CPU
		{9123BF09-F840-458D-9CAB-718E13A661CA}.Release|iPhoneSimulator.Deploy.0 = Release|Any CPU
		{773807B0-FAED-441B-B84B-0989BF50DEAA}.Debug|Any CPU.ActiveCfg = Debug|iPhone
		{773807B0-FAED-441B-B84B-0989BF50DEAA}.Debug|Any CPU.Build.0 = Debug|iPhone
		{773807B0-FAED-441B-B84B-0989BF50DEAA}.Debug|Any CPU.Deploy.0 = Debug|iPhone
		{773807B0-FAED-441B-B84B-0989BF50DEAA}.Debug|iPhone.ActiveCfg = Debug|iPhone
		{773807B0-FAED-441B-B84B-0989BF50DEAA}.Debug|iPhone.Build.0 = Debug|iPhone
		{773807B0-FAED-441B-B84B-0989BF50DEAA}.Debug|iPhone.Deploy.0 = Debug|iPhone
		{773807B0-FAED-441B-B84B-0989BF50DEAA}.Debug|iPhoneSimulator.ActiveCfg = Debug|iPhoneSimulator
		{773807B0-FAED-441B-B84B-0989BF50DEAA}.Debug|iPhoneSimulator.Build.0 = Debug|iPhoneSimulator
		{773807B0-FAED-441B-B84B-0989BF50DEAA}.Debug|iPhoneSimulator.Deploy.0 = Debug|iPhoneSimulator
		{773807B0-FAED-441B-B84B-0989BF50DEAA}.Release|Any CPU.ActiveCfg = Release|iPhoneSimulator
		{773807B0-FAED-441B-B84B-0989BF50DEAA}.Release|Any CPU.Build.0 = Release|iPhoneSimulator
		{773807B0-FAED-441B-B84B-0989BF50DEAA}.Release|Any CPU.Deploy.0 = Release|iPhoneSimulator
		{773807B0-FAED-441B-B84B-0989BF50DEAA}.Release|iPhone.ActiveCfg = Release|iPhone
		{773807B0-FAED-441B-B84B-0989BF50DEAA}.Release|iPhone.Build.0 = Release|iPhone
		{773807B0-FAED-441B-B84B-0989BF50DEAA}.Release|iPhone.Deploy.0 = Release|iPhone
		{773807B0-FAED-441B-B84B-0989BF50DEAA}.Release|iPhoneSimulator.ActiveCfg = Release|iPhoneSimulator
		{773807B0-FAED-441B-B84B-0989BF50DEAA}.Release|iPhoneSimulator.Build.0 = Release|iPhoneSimulator
		{773807B0-FAED-441B-B84B-0989BF50DEAA}.Release|iPhoneSimulator.Deploy.0 = Release|iPhoneSimulator
		{D3F6F4DA-6C37-48BB-BA5B-4A8F67CD9F7C}.Debug|Any CPU.ActiveCfg = Debug|Any CPU
		{D3F6F4DA-6C37-48BB-BA5B-4A8F67CD9F7C}.Debug|Any CPU.Build.0 = Debug|Any CPU
		{D3F6F4DA-6C37-48BB-BA5B-4A8F67CD9F7C}.Debug|Any CPU.Deploy.0 = Debug|Any CPU
		{D3F6F4DA-6C37-48BB-BA5B-4A8F67CD9F7C}.Debug|iPhone.ActiveCfg = Debug|Any CPU
		{D3F6F4DA-6C37-48BB-BA5B-4A8F67CD9F7C}.Debug|iPhone.Build.0 = Debug|Any CPU
		{D3F6F4DA-6C37-48BB-BA5B-4A8F67CD9F7C}.Debug|iPhone.Deploy.0 = Debug|Any CPU
		{D3F6F4DA-6C37-48BB-BA5B-4A8F67CD9F7C}.Debug|iPhoneSimulator.ActiveCfg = Debug|Any CPU
		{D3F6F4DA-6C37-48BB-BA5B-4A8F67CD9F7C}.Debug|iPhoneSimulator.Build.0 = Debug|Any CPU
		{D3F6F4DA-6C37-48BB-BA5B-4A8F67CD9F7C}.Debug|iPhoneSimulator.Deploy.0 = Debug|Any CPU
		{D3F6F4DA-6C37-48BB-BA5B-4A8F67CD9F7C}.Release|Any CPU.ActiveCfg = Release|Any CPU
		{D3F6F4DA-6C37-48BB-BA5B-4A8F67CD9F7C}.Release|Any CPU.Build.0 = Release|Any CPU
		{D3F6F4DA-6C37-48BB-BA5B-4A8F67CD9F7C}.Release|Any CPU.Deploy.0 = Release|Any CPU
		{D3F6F4DA-6C37-48BB-BA5B-4A8F67CD9F7C}.Release|iPhone.ActiveCfg = Release|Any CPU
		{D3F6F4DA-6C37-48BB-BA5B-4A8F67CD9F7C}.Release|iPhone.Build.0 = Release|Any CPU
		{D3F6F4DA-6C37-48BB-BA5B-4A8F67CD9F7C}.Release|iPhone.Deploy.0 = Release|Any CPU
		{D3F6F4DA-6C37-48BB-BA5B-4A8F67CD9F7C}.Release|iPhoneSimulator.ActiveCfg = Release|Any CPU
		{D3F6F4DA-6C37-48BB-BA5B-4A8F67CD9F7C}.Release|iPhoneSimulator.Build.0 = Release|Any CPU
		{D3F6F4DA-6C37-48BB-BA5B-4A8F67CD9F7C}.Release|iPhoneSimulator.Deploy.0 = Release|Any CPU
	EndGlobalSection
	GlobalSection(SolutionProperties) = preSolution
		HideSolutionNode = FALSE
	EndGlobalSection
	GlobalSection(ExtensibilityGlobals) = postSolution
		SolutionGuid = {2DA67D6B-2389-430D-9866-C14B15EB7FA8}
	EndGlobalSection
EndGlobal
